// !$*UTF8*$!
{
	archiveVersion = 1;
	classes = {
	};
	objectVersion = 60;
	objects = {

/* Begin PBXBuildFile section */
		361A0B5D28F06EF8000E266D /* ReadingListManager.swift in Sources */ = {isa = PBXBuildFile; fileRef = 361A0B5C28F06EF8000E266D /* ReadingListManager.swift */; };
		361A0B6028F0708A000E266D /* ReadingListManagerTests.swift in Sources */ = {isa = PBXBuildFile; fileRef = 361A0B5F28F0708A000E266D /* ReadingListManagerTests.swift */; };
		361A0B6328F08135000E266D /* ReadingListView.swift in Sources */ = {isa = PBXBuildFile; fileRef = 361A0B6228F08135000E266D /* ReadingListView.swift */; };
		363FB22828E4A914003BDEF7 /* BookApiModel+Fixture.swift in Sources */ = {isa = PBXBuildFile; fileRef = 363FB22728E4A914003BDEF7 /* BookApiModel+Fixture.swift */; };
		363FB22B28E4B565003BDEF7 /* BookTests.swift in Sources */ = {isa = PBXBuildFile; fileRef = 363FB22A28E4B565003BDEF7 /* BookTests.swift */; };
		363FB22E28E4B656003BDEF7 /* Book+Fixture.swift in Sources */ = {isa = PBXBuildFile; fileRef = 363FB22D28E4B656003BDEF7 /* Book+Fixture.swift */; };
		367396B728D8C3CE00405BB9 /* SearchBooksView.swift in Sources */ = {isa = PBXBuildFile; fileRef = 367396B628D8C3CE00405BB9 /* SearchBooksView.swift */; };
		367396BA28D8C79B00405BB9 /* BookCell.swift in Sources */ = {isa = PBXBuildFile; fileRef = 367396B928D8C79A00405BB9 /* BookCell.swift */; };
		367396BD28D8C86900405BB9 /* Book.swift in Sources */ = {isa = PBXBuildFile; fileRef = 367396BC28D8C86900405BB9 /* Book.swift */; };
		36783BC828CCFF240058A3B4 /* MyNextBooksApp.swift in Sources */ = {isa = PBXBuildFile; fileRef = 36783BC728CCFF240058A3B4 /* MyNextBooksApp.swift */; };
		36783BCC28CCFF250058A3B4 /* Assets.xcassets in Resources */ = {isa = PBXBuildFile; fileRef = 36783BCB28CCFF250058A3B4 /* Assets.xcassets */; };
		36783BCF28CCFF250058A3B4 /* Preview Assets.xcassets in Resources */ = {isa = PBXBuildFile; fileRef = 36783BCE28CCFF250058A3B4 /* Preview Assets.xcassets */; };
		3679B4E729CB12A40020BDEC /* Localizable.strings in Resources */ = {isa = PBXBuildFile; fileRef = 3679B4E929CB12A40020BDEC /* Localizable.strings */; };
		3683C41128DE061E0007CC6C /* BooksApi.swift in Sources */ = {isa = PBXBuildFile; fileRef = 3683C41028DE061E0007CC6C /* BooksApi.swift */; };
		3683C41428E188770007CC6C /* BooksManager.swift in Sources */ = {isa = PBXBuildFile; fileRef = 3683C41328E188770007CC6C /* BooksManager.swift */; };
		3683C41628E18C960007CC6C /* BooksManagerTests.swift in Sources */ = {isa = PBXBuildFile; fileRef = 3683C41528E18C960007CC6C /* BooksManagerTests.swift */; };
		36A34A0228D238DD004E6EF5 /* MainView.swift in Sources */ = {isa = PBXBuildFile; fileRef = 36A34A0128D238DC004E6EF5 /* MainView.swift */; };
		36A36C4F28F5B85600AA9873 /* XCUIApplication+Extensions.swift in Sources */ = {isa = PBXBuildFile; fileRef = 36A36C4E28F5B85600AA9873 /* XCUIApplication+Extensions.swift */; };
		36A36C5128F5B86300AA9873 /* XCUIElement+Extensions.swift in Sources */ = {isa = PBXBuildFile; fileRef = 36A36C5028F5B86300AA9873 /* XCUIElement+Extensions.swift */; };
		36B607F029A9011200018DBE /* SearchBooksViewModel.swift in Sources */ = {isa = PBXBuildFile; fileRef = 36B607EF29A9011200018DBE /* SearchBooksViewModel.swift */; };
		36B607F429A9087600018DBE /* SearchBooksViewModelTests.swift in Sources */ = {isa = PBXBuildFile; fileRef = 36B607F329A9087600018DBE /* SearchBooksViewModelTests.swift */; };
		36B607F629A9172600018DBE /* Network.swift in Sources */ = {isa = PBXBuildFile; fileRef = 36B607F529A9172600018DBE /* Network.swift */; };
		36C61D9428EF323D00802511 /* BookDetailsView.swift in Sources */ = {isa = PBXBuildFile; fileRef = 36C61D9328EF323D00802511 /* BookDetailsView.swift */; };
		36EB50BB28F43E6000D1B42E /* MyNextBooksUITests.swift in Sources */ = {isa = PBXBuildFile; fileRef = 36EB50BA28F43E6000D1B42E /* MyNextBooksUITests.swift */; };
		B85784BB2C80C2690035F6FD /* Image+Format.swift in Sources */ = {isa = PBXBuildFile; fileRef = B85784BA2C80C2690035F6FD /* Image+Format.swift */; };
/* End PBXBuildFile section */

/* Begin PBXContainerItemProxy section */
		36783BD528CCFF250058A3B4 /* PBXContainerItemProxy */ = {
			isa = PBXContainerItemProxy;
			containerPortal = 36783BBC28CCFF240058A3B4 /* Project object */;
			proxyType = 1;
			remoteGlobalIDString = 36783BC328CCFF240058A3B4;
			remoteInfo = MyNextBooks;
		};
		36EB50BE28F43E6000D1B42E /* PBXContainerItemProxy */ = {
			isa = PBXContainerItemProxy;
			containerPortal = 36783BBC28CCFF240058A3B4 /* Project object */;
			proxyType = 1;
			remoteGlobalIDString = 36783BC328CCFF240058A3B4;
			remoteInfo = MyNextBooks;
		};
/* End PBXContainerItemProxy section */

/* Begin PBXFileReference section */
		361A0B5C28F06EF8000E266D /* ReadingListManager.swift */ = {isa = PBXFileReference; lastKnownFileType = sourcecode.swift; path = ReadingListManager.swift; sourceTree = "<group>"; };
		361A0B5F28F0708A000E266D /* ReadingListManagerTests.swift */ = {isa = PBXFileReference; lastKnownFileType = sourcecode.swift; path = ReadingListManagerTests.swift; sourceTree = "<group>"; };
		361A0B6228F08135000E266D /* ReadingListView.swift */ = {isa = PBXFileReference; lastKnownFileType = sourcecode.swift; path = ReadingListView.swift; sourceTree = "<group>"; };
		363FB22728E4A914003BDEF7 /* BookApiModel+Fixture.swift */ = {isa = PBXFileReference; lastKnownFileType = sourcecode.swift; path = "BookApiModel+Fixture.swift"; sourceTree = "<group>"; };
		363FB22A28E4B565003BDEF7 /* BookTests.swift */ = {isa = PBXFileReference; lastKnownFileType = sourcecode.swift; path = BookTests.swift; sourceTree = "<group>"; };
		363FB22D28E4B656003BDEF7 /* Book+Fixture.swift */ = {isa = PBXFileReference; lastKnownFileType = sourcecode.swift; path = "Book+Fixture.swift"; sourceTree = "<group>"; };
		367396B628D8C3CE00405BB9 /* SearchBooksView.swift */ = {isa = PBXFileReference; lastKnownFileType = sourcecode.swift; path = SearchBooksView.swift; sourceTree = "<group>"; };
		367396B928D8C79A00405BB9 /* BookCell.swift */ = {isa = PBXFileReference; lastKnownFileType = sourcecode.swift; path = BookCell.swift; sourceTree = "<group>"; };
		367396BC28D8C86900405BB9 /* Book.swift */ = {isa = PBXFileReference; lastKnownFileType = sourcecode.swift; path = Book.swift; sourceTree = "<group>"; };
		36783BC428CCFF240058A3B4 /* MyNextBooks.app */ = {isa = PBXFileReference; explicitFileType = wrapper.application; includeInIndex = 0; path = MyNextBooks.app; sourceTree = BUILT_PRODUCTS_DIR; };
		36783BC728CCFF240058A3B4 /* MyNextBooksApp.swift */ = {isa = PBXFileReference; lastKnownFileType = sourcecode.swift; path = MyNextBooksApp.swift; sourceTree = "<group>"; };
		36783BCB28CCFF250058A3B4 /* Assets.xcassets */ = {isa = PBXFileReference; lastKnownFileType = folder.assetcatalog; path = Assets.xcassets; sourceTree = "<group>"; };
		36783BCE28CCFF250058A3B4 /* Preview Assets.xcassets */ = {isa = PBXFileReference; lastKnownFileType = folder.assetcatalog; path = "Preview Assets.xcassets"; sourceTree = "<group>"; };
		36783BD428CCFF250058A3B4 /* MyNextBooksTests.xctest */ = {isa = PBXFileReference; explicitFileType = wrapper.cfbundle; includeInIndex = 0; path = MyNextBooksTests.xctest; sourceTree = BUILT_PRODUCTS_DIR; };
		3679B4E829CB12A40020BDEC /* en */ = {isa = PBXFileReference; lastKnownFileType = text.plist.strings; name = en; path = en.lproj/Localizable.strings; sourceTree = "<group>"; };
		3679B4EF29CB25B50020BDEC /* pt-BR */ = {isa = PBXFileReference; lastKnownFileType = text.plist.strings; name = "pt-BR"; path = "pt-BR.lproj/Localizable.strings"; sourceTree = "<group>"; };
		3679B4F029CB264E0020BDEC /* de */ = {isa = PBXFileReference; lastKnownFileType = text.plist.strings; name = de; path = de.lproj/Localizable.strings; sourceTree = "<group>"; };
		3679B4F129CB2AD30020BDEC /* Info.plist */ = {isa = PBXFileReference; lastKnownFileType = text.plist; path = Info.plist; sourceTree = "<group>"; };
		3683C41028DE061E0007CC6C /* BooksApi.swift */ = {isa = PBXFileReference; lastKnownFileType = sourcecode.swift; path = BooksApi.swift; sourceTree = "<group>"; };
		3683C41328E188770007CC6C /* BooksManager.swift */ = {isa = PBXFileReference; lastKnownFileType = sourcecode.swift; path = BooksManager.swift; sourceTree = "<group>"; };
		3683C41528E18C960007CC6C /* BooksManagerTests.swift */ = {isa = PBXFileReference; lastKnownFileType = sourcecode.swift; path = BooksManagerTests.swift; sourceTree = "<group>"; };
		36A34A0128D238DC004E6EF5 /* MainView.swift */ = {isa = PBXFileReference; lastKnownFileType = sourcecode.swift; path = MainView.swift; sourceTree = "<group>"; };
		36A36C4E28F5B85600AA9873 /* XCUIApplication+Extensions.swift */ = {isa = PBXFileReference; lastKnownFileType = sourcecode.swift; path = "XCUIApplication+Extensions.swift"; sourceTree = "<group>"; };
		36A36C5028F5B86300AA9873 /* XCUIElement+Extensions.swift */ = {isa = PBXFileReference; lastKnownFileType = sourcecode.swift; path = "XCUIElement+Extensions.swift"; sourceTree = "<group>"; };
		36B607EF29A9011200018DBE /* SearchBooksViewModel.swift */ = {isa = PBXFileReference; lastKnownFileType = sourcecode.swift; path = SearchBooksViewModel.swift; sourceTree = "<group>"; };
		36B607F329A9087600018DBE /* SearchBooksViewModelTests.swift */ = {isa = PBXFileReference; lastKnownFileType = sourcecode.swift; path = SearchBooksViewModelTests.swift; sourceTree = "<group>"; };
		36B607F529A9172600018DBE /* Network.swift */ = {isa = PBXFileReference; lastKnownFileType = sourcecode.swift; path = Network.swift; sourceTree = "<group>"; };
		36C61D9328EF323D00802511 /* BookDetailsView.swift */ = {isa = PBXFileReference; lastKnownFileType = sourcecode.swift; path = BookDetailsView.swift; sourceTree = "<group>"; };
		36EB50B828F43E6000D1B42E /* MyNextBooksUITests.xctest */ = {isa = PBXFileReference; explicitFileType = wrapper.cfbundle; includeInIndex = 0; path = MyNextBooksUITests.xctest; sourceTree = BUILT_PRODUCTS_DIR; };
		36EB50BA28F43E6000D1B42E /* MyNextBooksUITests.swift */ = {isa = PBXFileReference; lastKnownFileType = sourcecode.swift; path = MyNextBooksUITests.swift; sourceTree = "<group>"; };
		B85784BA2C80C2690035F6FD /* Image+Format.swift */ = {isa = PBXFileReference; lastKnownFileType = sourcecode.swift; path = "Image+Format.swift"; sourceTree = "<group>"; };
		B8A1E41D2AD00AD900C7145B /* MyNextBooks.entitlements */ = {isa = PBXFileReference; lastKnownFileType = text.plist.entitlements; path = MyNextBooks.entitlements; sourceTree = "<group>"; };
/* End PBXFileReference section */

/* Begin PBXFrameworksBuildPhase section */
		36783BC128CCFF240058A3B4 /* Frameworks */ = {
			isa = PBXFrameworksBuildPhase;
			buildActionMask = 2147483647;
			files = (
			);
			runOnlyForDeploymentPostprocessing = 0;
		};
		36783BD128CCFF250058A3B4 /* Frameworks */ = {
			isa = PBXFrameworksBuildPhase;
			buildActionMask = 2147483647;
			files = (
			);
			runOnlyForDeploymentPostprocessing = 0;
		};
		36EB50B528F43E6000D1B42E /* Frameworks */ = {
			isa = PBXFrameworksBuildPhase;
			buildActionMask = 2147483647;
			files = (
			);
			runOnlyForDeploymentPostprocessing = 0;
		};
/* End PBXFrameworksBuildPhase section */

/* Begin PBXGroup section */
		361A0B5E28F0706F000E266D /* Manager */ = {
			isa = PBXGroup;
			children = (
				361A0B5F28F0708A000E266D /* ReadingListManagerTests.swift */,
			);
			path = Manager;
			sourceTree = "<group>";
		};
		361A0B6128F0811E000E266D /* Reading List */ = {
			isa = PBXGroup;
			children = (
				361A0B6228F08135000E266D /* ReadingListView.swift */,
			);
			path = "Reading List";
			sourceTree = "<group>";
		};
		363FB22628E4A901003BDEF7 /* Fixtures */ = {
			isa = PBXGroup;
			children = (
				363FB22C28E4B649003BDEF7 /* Model */,
				363FB22728E4A914003BDEF7 /* BookApiModel+Fixture.swift */,
			);
			path = Fixtures;
			sourceTree = "<group>";
		};
		363FB22928E4B553003BDEF7 /* Model */ = {
			isa = PBXGroup;
			children = (
				363FB22A28E4B565003BDEF7 /* BookTests.swift */,
			);
			path = Model;
			sourceTree = "<group>";
		};
		363FB22C28E4B649003BDEF7 /* Model */ = {
			isa = PBXGroup;
			children = (
				363FB22D28E4B656003BDEF7 /* Book+Fixture.swift */,
			);
			path = Model;
			sourceTree = "<group>";
		};
		36451E4B28F43F5E00531E6C /* Extensions */ = {
			isa = PBXGroup;
			children = (
				36A36C4E28F5B85600AA9873 /* XCUIApplication+Extensions.swift */,
				36A36C5028F5B86300AA9873 /* XCUIElement+Extensions.swift */,
			);
			path = Extensions;
			sourceTree = "<group>";
		};
		367396B828D8C77900405BB9 /* Search Books */ = {
			isa = PBXGroup;
			children = (
				367396B628D8C3CE00405BB9 /* SearchBooksView.swift */,
				36B607EF29A9011200018DBE /* SearchBooksViewModel.swift */,
			);
			path = "Search Books";
			sourceTree = "<group>";
		};
		367396BB28D8C85D00405BB9 /* Model */ = {
			isa = PBXGroup;
			children = (
				367396BC28D8C86900405BB9 /* Book.swift */,
			);
			path = Model;
			sourceTree = "<group>";
		};
		36783BBB28CCFF240058A3B4 = {
			isa = PBXGroup;
			children = (
				36783BC628CCFF240058A3B4 /* MyNextBooks */,
				36783BD728CCFF250058A3B4 /* MyNextBooksTests */,
				36EB50B928F43E6000D1B42E /* MyNextBooksUITests */,
				36783BC528CCFF240058A3B4 /* Products */,
			);
			sourceTree = "<group>";
		};
		36783BC528CCFF240058A3B4 /* Products */ = {
			isa = PBXGroup;
			children = (
				36783BC428CCFF240058A3B4 /* MyNextBooks.app */,
				36783BD428CCFF250058A3B4 /* MyNextBooksTests.xctest */,
				36EB50B828F43E6000D1B42E /* MyNextBooksUITests.xctest */,
			);
			name = Products;
			sourceTree = "<group>";
		};
		36783BC628CCFF240058A3B4 /* MyNextBooks */ = {
			isa = PBXGroup;
			children = (
				B85784B92C80C24D0035F6FD /* Extensions */,
				B8A1E41D2AD00AD900C7145B /* MyNextBooks.entitlements */,
				3679B4F129CB2AD30020BDEC /* Info.plist */,
				3683C41228E1885A0007CC6C /* Manager */,
				3683C40F28DE060A0007CC6C /* Network */,
				367396BB28D8C85D00405BB9 /* Model */,
				36783BC728CCFF240058A3B4 /* MyNextBooksApp.swift */,
				36A34A0028D237A2004E6EF5 /* Views */,
				3679B4E429CB0E110020BDEC /* Resources */,
				36783BCD28CCFF250058A3B4 /* Preview Content */,
			);
			path = MyNextBooks;
			sourceTree = "<group>";
		};
		36783BCD28CCFF250058A3B4 /* Preview Content */ = {
			isa = PBXGroup;
			children = (
				36783BCE28CCFF250058A3B4 /* Preview Assets.xcassets */,
			);
			path = "Preview Content";
			sourceTree = "<group>";
		};
		36783BD728CCFF250058A3B4 /* MyNextBooksTests */ = {
			isa = PBXGroup;
			children = (
				361A0B5E28F0706F000E266D /* Manager */,
				363FB22928E4B553003BDEF7 /* Model */,
				363FB22628E4A901003BDEF7 /* Fixtures */,
				36B607F129A9082F00018DBE /* Views */,
				3683C41528E18C960007CC6C /* BooksManagerTests.swift */,
			);
			path = MyNextBooksTests;
			sourceTree = "<group>";
		};
		3679B4E429CB0E110020BDEC /* Resources */ = {
			isa = PBXGroup;
			children = (
				36783BCB28CCFF250058A3B4 /* Assets.xcassets */,
				3679B4E929CB12A40020BDEC /* Localizable.strings */,
			);
			path = Resources;
			sourceTree = "<group>";
		};
		3683C40F28DE060A0007CC6C /* Network */ = {
			isa = PBXGroup;
			children = (
				3683C41028DE061E0007CC6C /* BooksApi.swift */,
				36B607F529A9172600018DBE /* Network.swift */,
			);
			path = Network;
			sourceTree = "<group>";
		};
		3683C41228E1885A0007CC6C /* Manager */ = {
			isa = PBXGroup;
			children = (
				3683C41328E188770007CC6C /* BooksManager.swift */,
				361A0B5C28F06EF8000E266D /* ReadingListManager.swift */,
			);
			path = Manager;
			sourceTree = "<group>";
		};
		369CF2FD29B9D4A100F4B7B4 /* Shared */ = {
			isa = PBXGroup;
			children = (
				367396B928D8C79A00405BB9 /* BookCell.swift */,
			);
			path = Shared;
			sourceTree = "<group>";
		};
		36A34A0028D237A2004E6EF5 /* Views */ = {
			isa = PBXGroup;
			children = (
				36A34A0128D238DC004E6EF5 /* MainView.swift */,
				361A0B6128F0811E000E266D /* Reading List */,
				36C61D9228EF322600802511 /* Book Details */,
				367396B828D8C77900405BB9 /* Search Books */,
				369CF2FD29B9D4A100F4B7B4 /* Shared */,
			);
			path = Views;
			sourceTree = "<group>";
		};
		36B607F129A9082F00018DBE /* Views */ = {
			isa = PBXGroup;
			children = (
				36B607F229A9085400018DBE /* Search Books */,
			);
			path = Views;
			sourceTree = "<group>";
		};
		36B607F229A9085400018DBE /* Search Books */ = {
			isa = PBXGroup;
			children = (
				36B607F329A9087600018DBE /* SearchBooksViewModelTests.swift */,
			);
			path = "Search Books";
			sourceTree = "<group>";
		};
		36C61D9228EF322600802511 /* Book Details */ = {
			isa = PBXGroup;
			children = (
				36C61D9328EF323D00802511 /* BookDetailsView.swift */,
			);
			path = "Book Details";
			sourceTree = "<group>";
		};
		36EB50B928F43E6000D1B42E /* MyNextBooksUITests */ = {
			isa = PBXGroup;
			children = (
				36451E4B28F43F5E00531E6C /* Extensions */,
				36EB50BA28F43E6000D1B42E /* MyNextBooksUITests.swift */,
			);
			path = MyNextBooksUITests;
			sourceTree = "<group>";
		};
		B85784B92C80C24D0035F6FD /* Extensions */ = {
			isa = PBXGroup;
			children = (
				B85784BA2C80C2690035F6FD /* Image+Format.swift */,
			);
			path = Extensions;
			sourceTree = "<group>";
		};
/* End PBXGroup section */

/* Begin PBXNativeTarget section */
		36783BC328CCFF240058A3B4 /* MyNextBooks */ = {
			isa = PBXNativeTarget;
			buildConfigurationList = 36783BE828CCFF250058A3B4 /* Build configuration list for PBXNativeTarget "MyNextBooks" */;
			buildPhases = (
				36783BC028CCFF240058A3B4 /* Sources */,
				36783BC128CCFF240058A3B4 /* Frameworks */,
				36783BC228CCFF240058A3B4 /* Resources */,
			);
			buildRules = (
			);
			dependencies = (
			);
			name = MyNextBooks;
			productName = MyNextBooks;
			productReference = 36783BC428CCFF240058A3B4 /* MyNextBooks.app */;
			productType = "com.apple.product-type.application";
		};
		36783BD328CCFF250058A3B4 /* MyNextBooksTests */ = {
			isa = PBXNativeTarget;
			buildConfigurationList = 36783BEB28CCFF250058A3B4 /* Build configuration list for PBXNativeTarget "MyNextBooksTests" */;
			buildPhases = (
				36783BD028CCFF250058A3B4 /* Sources */,
				36783BD128CCFF250058A3B4 /* Frameworks */,
				36783BD228CCFF250058A3B4 /* Resources */,
			);
			buildRules = (
			);
			dependencies = (
				36783BD628CCFF250058A3B4 /* PBXTargetDependency */,
			);
			name = MyNextBooksTests;
			productName = MyNextBooksTests;
			productReference = 36783BD428CCFF250058A3B4 /* MyNextBooksTests.xctest */;
			productType = "com.apple.product-type.bundle.unit-test";
		};
		36EB50B728F43E6000D1B42E /* MyNextBooksUITests */ = {
			isa = PBXNativeTarget;
			buildConfigurationList = 36EB50C028F43E6000D1B42E /* Build configuration list for PBXNativeTarget "MyNextBooksUITests" */;
			buildPhases = (
				36EB50B428F43E6000D1B42E /* Sources */,
				36EB50B528F43E6000D1B42E /* Frameworks */,
				36EB50B628F43E6000D1B42E /* Resources */,
			);
			buildRules = (
			);
			dependencies = (
				36EB50BF28F43E6000D1B42E /* PBXTargetDependency */,
			);
			name = MyNextBooksUITests;
			productName = MyNextBooksUITests;
			productReference = 36EB50B828F43E6000D1B42E /* MyNextBooksUITests.xctest */;
			productType = "com.apple.product-type.bundle.ui-testing";
		};
/* End PBXNativeTarget section */

/* Begin PBXProject section */
		36783BBC28CCFF240058A3B4 /* Project object */ = {
			isa = PBXProject;
			attributes = {
				BuildIndependentTargetsInParallel = 1;
				LastSwiftUpdateCheck = 1340;
				LastUpgradeCheck = 1340;
				TargetAttributes = {
					36783BC328CCFF240058A3B4 = {
						CreatedOnToolsVersion = 13.4.1;
					};
					36783BD328CCFF250058A3B4 = {
						CreatedOnToolsVersion = 13.4.1;
						LastSwiftMigration = 1340;
						TestTargetID = 36783BC328CCFF240058A3B4;
					};
					36EB50B728F43E6000D1B42E = {
						CreatedOnToolsVersion = 13.4.1;
						TestTargetID = 36783BC328CCFF240058A3B4;
					};
				};
			};
			buildConfigurationList = 36783BBF28CCFF240058A3B4 /* Build configuration list for PBXProject "MyNextBooks" */;
			compatibilityVersion = "Xcode 15.0";
			developmentRegion = en;
			hasScannedForEncodings = 0;
			knownRegions = (
				en,
				"pt-BR",
				de,
			);
			mainGroup = 36783BBB28CCFF240058A3B4;
			productRefGroup = 36783BC528CCFF240058A3B4 /* Products */;
			projectDirPath = "";
			projectRoot = "";
			targets = (
				36783BC328CCFF240058A3B4 /* MyNextBooks */,
				36783BD328CCFF250058A3B4 /* MyNextBooksTests */,
				36EB50B728F43E6000D1B42E /* MyNextBooksUITests */,
			);
		};
/* End PBXProject section */

/* Begin PBXResourcesBuildPhase section */
		36783BC228CCFF240058A3B4 /* Resources */ = {
			isa = PBXResourcesBuildPhase;
			buildActionMask = 2147483647;
			files = (
				36783BCF28CCFF250058A3B4 /* Preview Assets.xcassets in Resources */,
				3679B4E729CB12A40020BDEC /* Localizable.strings in Resources */,
				36783BCC28CCFF250058A3B4 /* Assets.xcassets in Resources */,
			);
			runOnlyForDeploymentPostprocessing = 0;
		};
		36783BD228CCFF250058A3B4 /* Resources */ = {
			isa = PBXResourcesBuildPhase;
			buildActionMask = 2147483647;
			files = (
			);
			runOnlyForDeploymentPostprocessing = 0;
		};
		36EB50B628F43E6000D1B42E /* Resources */ = {
			isa = PBXResourcesBuildPhase;
			buildActionMask = 2147483647;
			files = (
			);
			runOnlyForDeploymentPostprocessing = 0;
		};
/* End PBXResourcesBuildPhase section */

/* Begin PBXSourcesBuildPhase section */
		36783BC028CCFF240058A3B4 /* Sources */ = {
			isa = PBXSourcesBuildPhase;
			buildActionMask = 2147483647;
			files = (
				36B607F629A9172600018DBE /* Network.swift in Sources */,
				36B607F029A9011200018DBE /* SearchBooksViewModel.swift in Sources */,
				367396BA28D8C79B00405BB9 /* BookCell.swift in Sources */,
				36A34A0228D238DD004E6EF5 /* MainView.swift in Sources */,
				367396B728D8C3CE00405BB9 /* SearchBooksView.swift in Sources */,
				3683C41128DE061E0007CC6C /* BooksApi.swift in Sources */,
				36C61D9428EF323D00802511 /* BookDetailsView.swift in Sources */,
				B85784BB2C80C2690035F6FD /* Image+Format.swift in Sources */,
				367396BD28D8C86900405BB9 /* Book.swift in Sources */,
				36783BC828CCFF240058A3B4 /* MyNextBooksApp.swift in Sources */,
				361A0B6328F08135000E266D /* ReadingListView.swift in Sources */,
				3683C41428E188770007CC6C /* BooksManager.swift in Sources */,
				361A0B5D28F06EF8000E266D /* ReadingListManager.swift in Sources */,
			);
			runOnlyForDeploymentPostprocessing = 0;
		};
		36783BD028CCFF250058A3B4 /* Sources */ = {
			isa = PBXSourcesBuildPhase;
			buildActionMask = 2147483647;
			files = (
				3683C41628E18C960007CC6C /* BooksManagerTests.swift in Sources */,
				363FB22828E4A914003BDEF7 /* BookApiModel+Fixture.swift in Sources */,
				363FB22E28E4B656003BDEF7 /* Book+Fixture.swift in Sources */,
				361A0B6028F0708A000E266D /* ReadingListManagerTests.swift in Sources */,
				363FB22B28E4B565003BDEF7 /* BookTests.swift in Sources */,
				36B607F429A9087600018DBE /* SearchBooksViewModelTests.swift in Sources */,
			);
			runOnlyForDeploymentPostprocessing = 0;
		};
		36EB50B428F43E6000D1B42E /* Sources */ = {
			isa = PBXSourcesBuildPhase;
			buildActionMask = 2147483647;
			files = (
				36A36C5128F5B86300AA9873 /* XCUIElement+Extensions.swift in Sources */,
				36A36C4F28F5B85600AA9873 /* XCUIApplication+Extensions.swift in Sources */,
				36EB50BB28F43E6000D1B42E /* MyNextBooksUITests.swift in Sources */,
			);
			runOnlyForDeploymentPostprocessing = 0;
		};
/* End PBXSourcesBuildPhase section */

/* Begin PBXTargetDependency section */
		36783BD628CCFF250058A3B4 /* PBXTargetDependency */ = {
			isa = PBXTargetDependency;
			target = 36783BC328CCFF240058A3B4 /* MyNextBooks */;
			targetProxy = 36783BD528CCFF250058A3B4 /* PBXContainerItemProxy */;
		};
		36EB50BF28F43E6000D1B42E /* PBXTargetDependency */ = {
			isa = PBXTargetDependency;
			target = 36783BC328CCFF240058A3B4 /* MyNextBooks */;
			targetProxy = 36EB50BE28F43E6000D1B42E /* PBXContainerItemProxy */;
		};
/* End PBXTargetDependency section */

/* Begin PBXVariantGroup section */
		3679B4E929CB12A40020BDEC /* Localizable.strings */ = {
			isa = PBXVariantGroup;
			children = (
				3679B4E829CB12A40020BDEC /* en */,
				3679B4EF29CB25B50020BDEC /* pt-BR */,
				3679B4F029CB264E0020BDEC /* de */,
			);
			name = Localizable.strings;
			sourceTree = "<group>";
		};
/* End PBXVariantGroup section */

/* Begin XCBuildConfiguration section */
		36783BE628CCFF250058A3B4 /* Debug */ = {
			isa = XCBuildConfiguration;
			buildSettings = {
				ALWAYS_SEARCH_USER_PATHS = NO;
				CLANG_ANALYZER_NONNULL = YES;
				CLANG_ANALYZER_NUMBER_OBJECT_CONVERSION = YES_AGGRESSIVE;
				CLANG_CXX_LANGUAGE_STANDARD = "gnu++17";
				CLANG_ENABLE_MODULES = YES;
				CLANG_ENABLE_OBJC_ARC = YES;
				CLANG_ENABLE_OBJC_WEAK = YES;
				CLANG_WARN_BLOCK_CAPTURE_AUTORELEASING = YES;
				CLANG_WARN_BOOL_CONVERSION = YES;
				CLANG_WARN_COMMA = YES;
				CLANG_WARN_CONSTANT_CONVERSION = YES;
				CLANG_WARN_DEPRECATED_OBJC_IMPLEMENTATIONS = YES;
				CLANG_WARN_DIRECT_OBJC_ISA_USAGE = YES_ERROR;
				CLANG_WARN_DOCUMENTATION_COMMENTS = YES;
				CLANG_WARN_EMPTY_BODY = YES;
				CLANG_WARN_ENUM_CONVERSION = YES;
				CLANG_WARN_INFINITE_RECURSION = YES;
				CLANG_WARN_INT_CONVERSION = YES;
				CLANG_WARN_NON_LITERAL_NULL_CONVERSION = YES;
				CLANG_WARN_OBJC_IMPLICIT_RETAIN_SELF = YES;
				CLANG_WARN_OBJC_LITERAL_CONVERSION = YES;
				CLANG_WARN_OBJC_ROOT_CLASS = YES_ERROR;
				CLANG_WARN_QUOTED_INCLUDE_IN_FRAMEWORK_HEADER = YES;
				CLANG_WARN_RANGE_LOOP_ANALYSIS = YES;
				CLANG_WARN_STRICT_PROTOTYPES = YES;
				CLANG_WARN_SUSPICIOUS_MOVE = YES;
				CLANG_WARN_UNGUARDED_AVAILABILITY = YES_AGGRESSIVE;
				CLANG_WARN_UNREACHABLE_CODE = YES;
				CLANG_WARN__DUPLICATE_METHOD_MATCH = YES;
				COPY_PHASE_STRIP = NO;
				DEBUG_INFORMATION_FORMAT = dwarf;
				ENABLE_STRICT_OBJC_MSGSEND = YES;
				ENABLE_TESTABILITY = YES;
				GCC_C_LANGUAGE_STANDARD = gnu11;
				GCC_DYNAMIC_NO_PIC = NO;
				GCC_NO_COMMON_BLOCKS = YES;
				GCC_OPTIMIZATION_LEVEL = 0;
				GCC_PREPROCESSOR_DEFINITIONS = (
					"DEBUG=1",
					"$(inherited)",
				);
				GCC_WARN_64_TO_32_BIT_CONVERSION = YES;
				GCC_WARN_ABOUT_RETURN_TYPE = YES_ERROR;
				GCC_WARN_UNDECLARED_SELECTOR = YES;
				GCC_WARN_UNINITIALIZED_AUTOS = YES_AGGRESSIVE;
				GCC_WARN_UNUSED_FUNCTION = YES;
				GCC_WARN_UNUSED_VARIABLE = YES;
				IPHONEOS_DEPLOYMENT_TARGET = 15.0;
				MTL_ENABLE_DEBUG_INFO = INCLUDE_SOURCE;
				MTL_FAST_MATH = YES;
				ONLY_ACTIVE_ARCH = YES;
				SDKROOT = iphoneos;
				SWIFT_ACTIVE_COMPILATION_CONDITIONS = DEBUG;
				SWIFT_OPTIMIZATION_LEVEL = "-Onone";
			};
			name = Debug;
		};
		36783BE728CCFF250058A3B4 /* Release */ = {
			isa = XCBuildConfiguration;
			buildSettings = {
				ALWAYS_SEARCH_USER_PATHS = NO;
				CLANG_ANALYZER_NONNULL = YES;
				CLANG_ANALYZER_NUMBER_OBJECT_CONVERSION = YES_AGGRESSIVE;
				CLANG_CXX_LANGUAGE_STANDARD = "gnu++17";
				CLANG_ENABLE_MODULES = YES;
				CLANG_ENABLE_OBJC_ARC = YES;
				CLANG_ENABLE_OBJC_WEAK = YES;
				CLANG_WARN_BLOCK_CAPTURE_AUTORELEASING = YES;
				CLANG_WARN_BOOL_CONVERSION = YES;
				CLANG_WARN_COMMA = YES;
				CLANG_WARN_CONSTANT_CONVERSION = YES;
				CLANG_WARN_DEPRECATED_OBJC_IMPLEMENTATIONS = YES;
				CLANG_WARN_DIRECT_OBJC_ISA_USAGE = YES_ERROR;
				CLANG_WARN_DOCUMENTATION_COMMENTS = YES;
				CLANG_WARN_EMPTY_BODY = YES;
				CLANG_WARN_ENUM_CONVERSION = YES;
				CLANG_WARN_INFINITE_RECURSION = YES;
				CLANG_WARN_INT_CONVERSION = YES;
				CLANG_WARN_NON_LITERAL_NULL_CONVERSION = YES;
				CLANG_WARN_OBJC_IMPLICIT_RETAIN_SELF = YES;
				CLANG_WARN_OBJC_LITERAL_CONVERSION = YES;
				CLANG_WARN_OBJC_ROOT_CLASS = YES_ERROR;
				CLANG_WARN_QUOTED_INCLUDE_IN_FRAMEWORK_HEADER = YES;
				CLANG_WARN_RANGE_LOOP_ANALYSIS = YES;
				CLANG_WARN_STRICT_PROTOTYPES = YES;
				CLANG_WARN_SUSPICIOUS_MOVE = YES;
				CLANG_WARN_UNGUARDED_AVAILABILITY = YES_AGGRESSIVE;
				CLANG_WARN_UNREACHABLE_CODE = YES;
				CLANG_WARN__DUPLICATE_METHOD_MATCH = YES;
				COPY_PHASE_STRIP = NO;
				DEBUG_INFORMATION_FORMAT = "dwarf-with-dsym";
				ENABLE_NS_ASSERTIONS = NO;
				ENABLE_STRICT_OBJC_MSGSEND = YES;
				GCC_C_LANGUAGE_STANDARD = gnu11;
				GCC_NO_COMMON_BLOCKS = YES;
				GCC_WARN_64_TO_32_BIT_CONVERSION = YES;
				GCC_WARN_ABOUT_RETURN_TYPE = YES_ERROR;
				GCC_WARN_UNDECLARED_SELECTOR = YES;
				GCC_WARN_UNINITIALIZED_AUTOS = YES_AGGRESSIVE;
				GCC_WARN_UNUSED_FUNCTION = YES;
				GCC_WARN_UNUSED_VARIABLE = YES;
				IPHONEOS_DEPLOYMENT_TARGET = 15.0;
				MTL_ENABLE_DEBUG_INFO = NO;
				MTL_FAST_MATH = YES;
				SDKROOT = iphoneos;
				SWIFT_COMPILATION_MODE = wholemodule;
				SWIFT_OPTIMIZATION_LEVEL = "-O";
				VALIDATE_PRODUCT = YES;
			};
			name = Release;
		};
		36783BE928CCFF250058A3B4 /* Debug */ = {
			isa = XCBuildConfiguration;
			buildSettings = {
				ASSETCATALOG_COMPILER_APPICON_NAME = AppIcon;
				ASSETCATALOG_COMPILER_GLOBAL_ACCENT_COLOR_NAME = AccentColor;
				CODE_SIGN_ENTITLEMENTS = MyNextBooks/MyNextBooks.entitlements;
				CODE_SIGN_STYLE = Automatic;
				CURRENT_PROJECT_VERSION = 1.2;
				DEVELOPMENT_ASSET_PATHS = "\"MyNextBooks/Preview Content\"";
				DEVELOPMENT_TEAM = SE47ZVXRT6;
				ENABLE_PREVIEWS = YES;
				GENERATE_INFOPLIST_FILE = YES;
				INFOPLIST_FILE = MyNextBooks/Info.plist;
				INFOPLIST_KEY_LSApplicationCategoryType = "public.app-category.books";
				INFOPLIST_KEY_UIApplicationSceneManifest_Generation = YES;
				INFOPLIST_KEY_UIApplicationSupportsIndirectInputEvents = YES;
				INFOPLIST_KEY_UILaunchScreen_Generation = YES;
				INFOPLIST_KEY_UISupportedInterfaceOrientations_iPad = "UIInterfaceOrientationPortrait UIInterfaceOrientationPortraitUpsideDown UIInterfaceOrientationLandscapeLeft UIInterfaceOrientationLandscapeRight";
				INFOPLIST_KEY_UISupportedInterfaceOrientations_iPhone = "UIInterfaceOrientationPortrait UIInterfaceOrientationLandscapeLeft UIInterfaceOrientationLandscapeRight";
				IPHONEOS_DEPLOYMENT_TARGET = 15.0;
				LD_RUNPATH_SEARCH_PATHS = (
					"$(inherited)",
					"@executable_path/Frameworks",
				);
				MARKETING_VERSION = 1.2;
				PRODUCT_BUNDLE_IDENTIFIER = flock.MyNextBooks;
				PRODUCT_NAME = "$(TARGET_NAME)";
				SWIFT_EMIT_LOC_STRINGS = YES;
				SWIFT_VERSION = 5.0;
				TARGETED_DEVICE_FAMILY = 1;
			};
			name = Debug;
		};
		36783BEA28CCFF250058A3B4 /* Release */ = {
			isa = XCBuildConfiguration;
			buildSettings = {
				ASSETCATALOG_COMPILER_APPICON_NAME = AppIcon;
				ASSETCATALOG_COMPILER_GLOBAL_ACCENT_COLOR_NAME = AccentColor;
				CODE_SIGN_ENTITLEMENTS = MyNextBooks/MyNextBooks.entitlements;
				CODE_SIGN_STYLE = Automatic;
				CURRENT_PROJECT_VERSION = 1.2;
				DEVELOPMENT_ASSET_PATHS = "\"MyNextBooks/Preview Content\"";
				DEVELOPMENT_TEAM = SE47ZVXRT6;
				ENABLE_PREVIEWS = YES;
				GENERATE_INFOPLIST_FILE = YES;
				INFOPLIST_FILE = MyNextBooks/Info.plist;
				INFOPLIST_KEY_LSApplicationCategoryType = "public.app-category.books";
				INFOPLIST_KEY_UIApplicationSceneManifest_Generation = YES;
				INFOPLIST_KEY_UIApplicationSupportsIndirectInputEvents = YES;
				INFOPLIST_KEY_UILaunchScreen_Generation = YES;
				INFOPLIST_KEY_UISupportedInterfaceOrientations_iPad = "UIInterfaceOrientationPortrait UIInterfaceOrientationPortraitUpsideDown UIInterfaceOrientationLandscapeLeft UIInterfaceOrientationLandscapeRight";
				INFOPLIST_KEY_UISupportedInterfaceOrientations_iPhone = "UIInterfaceOrientationPortrait UIInterfaceOrientationLandscapeLeft UIInterfaceOrientationLandscapeRight";
				IPHONEOS_DEPLOYMENT_TARGET = 15.0;
				LD_RUNPATH_SEARCH_PATHS = (
					"$(inherited)",
					"@executable_path/Frameworks",
				);
				MARKETING_VERSION = 1.2;
				PRODUCT_BUNDLE_IDENTIFIER = flock.MyNextBooks;
				PRODUCT_NAME = "$(TARGET_NAME)";
				SWIFT_EMIT_LOC_STRINGS = YES;
				SWIFT_VERSION = 5.0;
				TARGETED_DEVICE_FAMILY = 1;
			};
			name = Release;
		};
		36783BEC28CCFF250058A3B4 /* Debug */ = {
			isa = XCBuildConfiguration;
			buildSettings = {
				ALWAYS_EMBED_SWIFT_STANDARD_LIBRARIES = YES;
				BUNDLE_LOADER = "$(TEST_HOST)";
				CLANG_ENABLE_MODULES = YES;
				CODE_SIGN_STYLE = Automatic;
				CURRENT_PROJECT_VERSION = 1;
				DEVELOPMENT_TEAM = SE47ZVXRT6;
				GENERATE_INFOPLIST_FILE = YES;
				IPHONEOS_DEPLOYMENT_TARGET = 15.0;
				LD_RUNPATH_SEARCH_PATHS = (
					"$(inherited)",
					"@executable_path/Frameworks",
					"@loader_path/Frameworks",
				);
				MARKETING_VERSION = 1.0;
				PRODUCT_BUNDLE_IDENTIFIER = flock.MyNextBooksTests;
				PRODUCT_NAME = "$(TARGET_NAME)";
				SWIFT_EMIT_LOC_STRINGS = NO;
				SWIFT_OPTIMIZATION_LEVEL = "-Onone";
				SWIFT_VERSION = 5.0;
				TARGETED_DEVICE_FAMILY = "1,2";
				TEST_HOST = "$(BUILT_PRODUCTS_DIR)/MyNextBooks.app/MyNextBooks";
			};
			name = Debug;
		};
		36783BED28CCFF250058A3B4 /* Release */ = {
			isa = XCBuildConfiguration;
			buildSettings = {
				ALWAYS_EMBED_SWIFT_STANDARD_LIBRARIES = YES;
				BUNDLE_LOADER = "$(TEST_HOST)";
				CLANG_ENABLE_MODULES = YES;
				CODE_SIGN_STYLE = Automatic;
				CURRENT_PROJECT_VERSION = 1;
				DEVELOPMENT_TEAM = SE47ZVXRT6;
				GENERATE_INFOPLIST_FILE = YES;
				IPHONEOS_DEPLOYMENT_TARGET = 15.0;
				LD_RUNPATH_SEARCH_PATHS = (
					"$(inherited)",
					"@executable_path/Frameworks",
					"@loader_path/Frameworks",
				);
				MARKETING_VERSION = 1.0;
				PRODUCT_BUNDLE_IDENTIFIER = flock.MyNextBooksTests;
				PRODUCT_NAME = "$(TARGET_NAME)";
				SWIFT_EMIT_LOC_STRINGS = NO;
				SWIFT_VERSION = 5.0;
				TARGETED_DEVICE_FAMILY = "1,2";
				TEST_HOST = "$(BUILT_PRODUCTS_DIR)/MyNextBooks.app/MyNextBooks";
			};
			name = Release;
		};
		36EB50C128F43E6000D1B42E /* Debug */ = {
			isa = XCBuildConfiguration;
			buildSettings = {
				CODE_SIGN_STYLE = Automatic;
				CURRENT_PROJECT_VERSION = 1;
				DEVELOPMENT_TEAM = SE47ZVXRT6;
				GENERATE_INFOPLIST_FILE = YES;
				IPHONEOS_DEPLOYMENT_TARGET = 15.0;
				MARKETING_VERSION = 1.0;
				PRODUCT_BUNDLE_IDENTIFIER = flock.MyNextBooksUITests;
				PRODUCT_NAME = "$(TARGET_NAME)";
				SWIFT_EMIT_LOC_STRINGS = NO;
				SWIFT_VERSION = 5.0;
				TARGETED_DEVICE_FAMILY = "1,2";
				TEST_TARGET_NAME = MyNextBooks;
			};
			name = Debug;
		};
		36EB50C228F43E6000D1B42E /* Release */ = {
			isa = XCBuildConfiguration;
			buildSettings = {
				CODE_SIGN_STYLE = Automatic;
				CURRENT_PROJECT_VERSION = 1;
				DEVELOPMENT_TEAM = SE47ZVXRT6;
				GENERATE_INFOPLIST_FILE = YES;
				IPHONEOS_DEPLOYMENT_TARGET = 15.0;
				MARKETING_VERSION = 1.0;
				PRODUCT_BUNDLE_IDENTIFIER = flock.MyNextBooksUITests;
				PRODUCT_NAME = "$(TARGET_NAME)";
				SWIFT_EMIT_LOC_STRINGS = NO;
				SWIFT_VERSION = 5.0;
				TARGETED_DEVICE_FAMILY = "1,2";
				TEST_TARGET_NAME = MyNextBooks;
			};
			name = Release;
		};
/* End XCBuildConfiguration section */

/* Begin XCConfigurationList section */
		36783BBF28CCFF240058A3B4 /* Build configuration list for PBXProject "MyNextBooks" */ = {
			isa = XCConfigurationList;
			buildConfigurations = (
				36783BE628CCFF250058A3B4 /* Debug */,
				36783BE728CCFF250058A3B4 /* Release */,
			);
			defaultConfigurationIsVisible = 0;
			defaultConfigurationName = Release;
		};
		36783BE828CCFF250058A3B4 /* Build configuration list for PBXNativeTarget "MyNextBooks" */ = {
			isa = XCConfigurationList;
			buildConfigurations = (
				36783BE928CCFF250058A3B4 /* Debug */,
				36783BEA28CCFF250058A3B4 /* Release */,
			);
			defaultConfigurationIsVisible = 0;
			defaultConfigurationName = Release;
		};
		36783BEB28CCFF250058A3B4 /* Build configuration list for PBXNativeTarget "MyNextBooksTests" */ = {
			isa = XCConfigurationList;
			buildConfigurations = (
				36783BEC28CCFF250058A3B4 /* Debug */,
				36783BED28CCFF250058A3B4 /* Release */,
			);
			defaultConfigurationIsVisible = 0;
			defaultConfigurationName = Release;
		};
		36EB50C028F43E6000D1B42E /* Build configuration list for PBXNativeTarget "MyNextBooksUITests" */ = {
			isa = XCConfigurationList;
			buildConfigurations = (
				36EB50C128F43E6000D1B42E /* Debug */,
				36EB50C228F43E6000D1B42E /* Release */,
			);
			defaultConfigurationIsVisible = 0;
			defaultConfigurationName = Release;
		};
/* End XCConfigurationList section */
	};
	rootObject = 36783BBC28CCFF240058A3B4 /* Project object */;
}
